// !$*UTF8*$!
{
	archiveVersion = 1;
	classes = {
	};
	objectVersion = 46;
	objects = {

/* Begin PBXBuildFile section */
		B203EBDA1E236D9E00756E48 /* SendFileViewController.m in Sources */ = {isa = PBXBuildFile; fileRef = B203EBD91E236D9E00756E48 /* SendFileViewController.m */; };
		B203EBDD1E236DC700756E48 /* ReciveFileViewController.m in Sources */ = {isa = PBXBuildFile; fileRef = B203EBDC1E236DC700756E48 /* ReciveFileViewController.m */; };
		B20451E51E24C72B00EB3BD1 /* AnimationView.m in Sources */ = {isa = PBXBuildFile; fileRef = B20451E41E24C72B00EB3BD1 /* AnimationView.m */; };
		B249CCFB1E276BA40017633D /* MASCompositeConstraint.m in Sources */ = {isa = PBXBuildFile; fileRef = B249CCE31E276BA40017633D /* MASCompositeConstraint.m */; };
		B249CCFC1E276BA40017633D /* MASConstraint.m in Sources */ = {isa = PBXBuildFile; fileRef = B249CCE61E276BA40017633D /* MASConstraint.m */; };
		B249CCFD1E276BA40017633D /* MASConstraintMaker.m in Sources */ = {isa = PBXBuildFile; fileRef = B249CCE81E276BA40017633D /* MASConstraintMaker.m */; };
		B249CCFE1E276BA40017633D /* MASLayoutConstraint.m in Sources */ = {isa = PBXBuildFile; fileRef = B249CCEA1E276BA40017633D /* MASLayoutConstraint.m */; };
		B249CCFF1E276BA40017633D /* MASViewAttribute.m in Sources */ = {isa = PBXBuildFile; fileRef = B249CCEE1E276BA40017633D /* MASViewAttribute.m */; };
		B249CD001E276BA40017633D /* MASViewConstraint.m in Sources */ = {isa = PBXBuildFile; fileRef = B249CCF01E276BA40017633D /* MASViewConstraint.m */; };
		B249CD011E276BA40017633D /* NSArray+MASAdditions.m in Sources */ = {isa = PBXBuildFile; fileRef = B249CCF21E276BA40017633D /* NSArray+MASAdditions.m */; };
		B249CD021E276BA40017633D /* NSLayoutConstraint+MASDebugAdditions.m in Sources */ = {isa = PBXBuildFile; fileRef = B249CCF51E276BA40017633D /* NSLayoutConstraint+MASDebugAdditions.m */; };
		B249CD031E276BA40017633D /* View+MASAdditions.m in Sources */ = {isa = PBXBuildFile; fileRef = B249CCF71E276BA40017633D /* View+MASAdditions.m */; };
		B249CD041E276BA40017633D /* ViewController+MASAdditions.m in Sources */ = {isa = PBXBuildFile; fileRef = B249CCFA1E276BA40017633D /* ViewController+MASAdditions.m */; };
		B24F76D61E1F305A00CA8146 /* main.m in Sources */ = {isa = PBXBuildFile; fileRef = B24F76D51E1F305A00CA8146 /* main.m */; };
		B24F76D91E1F305A00CA8146 /* AppDelegate.m in Sources */ = {isa = PBXBuildFile; fileRef = B24F76D81E1F305A00CA8146 /* AppDelegate.m */; };
		B24F76DC1E1F305A00CA8146 /* ViewController.m in Sources */ = {isa = PBXBuildFile; fileRef = B24F76DB1E1F305A00CA8146 /* ViewController.m */; };
		B24F76DF1E1F305A00CA8146 /* Main.storyboard in Resources */ = {isa = PBXBuildFile; fileRef = B24F76DD1E1F305A00CA8146 /* Main.storyboard */; };
		B24F76E21E1F305A00CA8146 /* Connectivity.xcdatamodeld in Sources */ = {isa = PBXBuildFile; fileRef = B24F76E01E1F305A00CA8146 /* Connectivity.xcdatamodeld */; };
		B24F76E41E1F305A00CA8146 /* Assets.xcassets in Resources */ = {isa = PBXBuildFile; fileRef = B24F76E31E1F305A00CA8146 /* Assets.xcassets */; };
		B24F76E71E1F305A00CA8146 /* LaunchScreen.storyboard in Resources */ = {isa = PBXBuildFile; fileRef = B24F76E51E1F305A00CA8146 /* LaunchScreen.storyboard */; };
		B24F76F21E1F305A00CA8146 /* ConnectivityUITests.m in Sources */ = {isa = PBXBuildFile; fileRef = B24F76F11E1F305A00CA8146 /* ConnectivityUITests.m */; };
		B27A6CD01E286B5400CD0475 /* ProgressIconBtn.m in Sources */ = {isa = PBXBuildFile; fileRef = B27A6CCF1E286B5400CD0475 /* ProgressIconBtn.m */; };
/* End PBXBuildFile section */

/* Begin PBXContainerItemProxy section */
		B24F76EE1E1F305A00CA8146 /* PBXContainerItemProxy */ = {
			isa = PBXContainerItemProxy;
			containerPortal = B24F76C91E1F305A00CA8146 /* Project object */;
			proxyType = 1;
			remoteGlobalIDString = B24F76D01E1F305A00CA8146;
			remoteInfo = Connectivity;
		};
/* End PBXContainerItemProxy section */

/* Begin PBXFileReference section */
		B203EBD81E236D9E00756E48 /* SendFileViewController.h */ = {isa = PBXFileReference; fileEncoding = 4; lastKnownFileType = sourcecode.c.h; path = SendFileViewController.h; sourceTree = "<group>"; };
		B203EBD91E236D9E00756E48 /* SendFileViewController.m */ = {isa = PBXFileReference; fileEncoding = 4; lastKnownFileType = sourcecode.c.objc; path = SendFileViewController.m; sourceTree = "<group>"; };
		B203EBDB1E236DC700756E48 /* ReciveFileViewController.h */ = {isa = PBXFileReference; fileEncoding = 4; lastKnownFileType = sourcecode.c.h; path = ReciveFileViewController.h; sourceTree = "<group>"; };
		B203EBDC1E236DC700756E48 /* ReciveFileViewController.m */ = {isa = PBXFileReference; fileEncoding = 4; lastKnownFileType = sourcecode.c.objc; path = ReciveFileViewController.m; sourceTree = "<group>"; };
		B20451E31E24C72B00EB3BD1 /* AnimationView.h */ = {isa = PBXFileReference; fileEncoding = 4; lastKnownFileType = sourcecode.c.h; path = AnimationView.h; sourceTree = "<group>"; };
		B20451E41E24C72B00EB3BD1 /* AnimationView.m */ = {isa = PBXFileReference; fileEncoding = 4; lastKnownFileType = sourcecode.c.objc; path = AnimationView.m; sourceTree = "<group>"; };
		B249CCE21E276BA40017633D /* MASCompositeConstraint.h */ = {isa = PBXFileReference; fileEncoding = 4; lastKnownFileType = sourcecode.c.h; path = MASCompositeConstraint.h; sourceTree = "<group>"; };
		B249CCE31E276BA40017633D /* MASCompositeConstraint.m */ = {isa = PBXFileReference; fileEncoding = 4; lastKnownFileType = sourcecode.c.objc; path = MASCompositeConstraint.m; sourceTree = "<group>"; };
		B249CCE41E276BA40017633D /* MASConstraint+Private.h */ = {isa = PBXFileReference; fileEncoding = 4; lastKnownFileType = sourcecode.c.h; path = "MASConstraint+Private.h"; sourceTree = "<group>"; };
		B249CCE51E276BA40017633D /* MASConstraint.h */ = {isa = PBXFileReference; fileEncoding = 4; lastKnownFileType = sourcecode.c.h; path = MASConstraint.h; sourceTree = "<group>"; };
		B249CCE61E276BA40017633D /* MASConstraint.m */ = {isa = PBXFileReference; fileEncoding = 4; lastKnownFileType = sourcecode.c.objc; path = MASConstraint.m; sourceTree = "<group>"; };
		B249CCE71E276BA40017633D /* MASConstraintMaker.h */ = {isa = PBXFileReference; fileEncoding = 4; lastKnownFileType = sourcecode.c.h; path = MASConstraintMaker.h; sourceTree = "<group>"; };
		B249CCE81E276BA40017633D /* MASConstraintMaker.m */ = {isa = PBXFileReference; fileEncoding = 4; lastKnownFileType = sourcecode.c.objc; path = MASConstraintMaker.m; sourceTree = "<group>"; };
		B249CCE91E276BA40017633D /* MASLayoutConstraint.h */ = {isa = PBXFileReference; fileEncoding = 4; lastKnownFileType = sourcecode.c.h; path = MASLayoutConstraint.h; sourceTree = "<group>"; };
		B249CCEA1E276BA40017633D /* MASLayoutConstraint.m */ = {isa = PBXFileReference; fileEncoding = 4; lastKnownFileType = sourcecode.c.objc; path = MASLayoutConstraint.m; sourceTree = "<group>"; };
		B249CCEB1E276BA40017633D /* Masonry.h */ = {isa = PBXFileReference; fileEncoding = 4; lastKnownFileType = sourcecode.c.h; path = Masonry.h; sourceTree = "<group>"; };
		B249CCEC1E276BA40017633D /* MASUtilities.h */ = {isa = PBXFileReference; fileEncoding = 4; lastKnownFileType = sourcecode.c.h; path = MASUtilities.h; sourceTree = "<group>"; };
		B249CCED1E276BA40017633D /* MASViewAttribute.h */ = {isa = PBXFileReference; fileEncoding = 4; lastKnownFileType = sourcecode.c.h; path = MASViewAttribute.h; sourceTree = "<group>"; };
		B249CCEE1E276BA40017633D /* MASViewAttribute.m */ = {isa = PBXFileReference; fileEncoding = 4; lastKnownFileType = sourcecode.c.objc; path = MASViewAttribute.m; sourceTree = "<group>"; };
		B249CCEF1E276BA40017633D /* MASViewConstraint.h */ = {isa = PBXFileReference; fileEncoding = 4; lastKnownFileType = sourcecode.c.h; path = MASViewConstraint.h; sourceTree = "<group>"; };
		B249CCF01E276BA40017633D /* MASViewConstraint.m */ = {isa = PBXFileReference; fileEncoding = 4; lastKnownFileType = sourcecode.c.objc; path = MASViewConstraint.m; sourceTree = "<group>"; };
		B249CCF11E276BA40017633D /* NSArray+MASAdditions.h */ = {isa = PBXFileReference; fileEncoding = 4; lastKnownFileType = sourcecode.c.h; path = "NSArray+MASAdditions.h"; sourceTree = "<group>"; };
		B249CCF21E276BA40017633D /* NSArray+MASAdditions.m */ = {isa = PBXFileReference; fileEncoding = 4; lastKnownFileType = sourcecode.c.objc; path = "NSArray+MASAdditions.m"; sourceTree = "<group>"; };
		B249CCF31E276BA40017633D /* NSArray+MASShorthandAdditions.h */ = {isa = PBXFileReference; fileEncoding = 4; lastKnownFileType = sourcecode.c.h; path = "NSArray+MASShorthandAdditions.h"; sourceTree = "<group>"; };
		B249CCF41E276BA40017633D /* NSLayoutConstraint+MASDebugAdditions.h */ = {isa = PBXFileReference; fileEncoding = 4; lastKnownFileType = sourcecode.c.h; path = "NSLayoutConstraint+MASDebugAdditions.h"; sourceTree = "<group>"; };
		B249CCF51E276BA40017633D /* NSLayoutConstraint+MASDebugAdditions.m */ = {isa = PBXFileReference; fileEncoding = 4; lastKnownFileType = sourcecode.c.objc; path = "NSLayoutConstraint+MASDebugAdditions.m"; sourceTree = "<group>"; };
		B249CCF61E276BA40017633D /* View+MASAdditions.h */ = {isa = PBXFileReference; fileEncoding = 4; lastKnownFileType = sourcecode.c.h; path = "View+MASAdditions.h"; sourceTree = "<group>"; };
		B249CCF71E276BA40017633D /* View+MASAdditions.m */ = {isa = PBXFileReference; fileEncoding = 4; lastKnownFileType = sourcecode.c.objc; path = "View+MASAdditions.m"; sourceTree = "<group>"; };
		B249CCF81E276BA40017633D /* View+MASShorthandAdditions.h */ = {isa = PBXFileReference; fileEncoding = 4; lastKnownFileType = sourcecode.c.h; path = "View+MASShorthandAdditions.h"; sourceTree = "<group>"; };
		B249CCF91E276BA40017633D /* ViewController+MASAdditions.h */ = {isa = PBXFileReference; fileEncoding = 4; lastKnownFileType = sourcecode.c.h; path = "ViewController+MASAdditions.h"; sourceTree = "<group>"; };
		B249CCFA1E276BA40017633D /* ViewController+MASAdditions.m */ = {isa = PBXFileReference; fileEncoding = 4; lastKnownFileType = sourcecode.c.objc; path = "ViewController+MASAdditions.m"; sourceTree = "<group>"; };
		B24F76D11E1F305A00CA8146 /* Connectivity.app */ = {isa = PBXFileReference; explicitFileType = wrapper.application; includeInIndex = 0; path = Connectivity.app; sourceTree = BUILT_PRODUCTS_DIR; };
		B24F76D51E1F305A00CA8146 /* main.m */ = {isa = PBXFileReference; lastKnownFileType = sourcecode.c.objc; path = main.m; sourceTree = "<group>"; };
		B24F76D71E1F305A00CA8146 /* AppDelegate.h */ = {isa = PBXFileReference; lastKnownFileType = sourcecode.c.h; path = AppDelegate.h; sourceTree = "<group>"; };
		B24F76D81E1F305A00CA8146 /* AppDelegate.m */ = {isa = PBXFileReference; lastKnownFileType = sourcecode.c.objc; path = AppDelegate.m; sourceTree = "<group>"; };
		B24F76DA1E1F305A00CA8146 /* ViewController.h */ = {isa = PBXFileReference; lastKnownFileType = sourcecode.c.h; path = ViewController.h; sourceTree = "<group>"; };
		B24F76DB1E1F305A00CA8146 /* ViewController.m */ = {isa = PBXFileReference; lastKnownFileType = sourcecode.c.objc; path = ViewController.m; sourceTree = "<group>"; };
		B24F76DE1E1F305A00CA8146 /* Base */ = {isa = PBXFileReference; lastKnownFileType = file.storyboard; name = Base; path = Base.lproj/Main.storyboard; sourceTree = "<group>"; };
		B24F76E11E1F305A00CA8146 /* Connectivity.xcdatamodel */ = {isa = PBXFileReference; lastKnownFileType = wrapper.xcdatamodel; path = Connectivity.xcdatamodel; sourceTree = "<group>"; };
		B24F76E31E1F305A00CA8146 /* Assets.xcassets */ = {isa = PBXFileReference; lastKnownFileType = folder.assetcatalog; path = Assets.xcassets; sourceTree = "<group>"; };
		B24F76E61E1F305A00CA8146 /* Base */ = {isa = PBXFileReference; lastKnownFileType = file.storyboard; name = Base; path = Base.lproj/LaunchScreen.storyboard; sourceTree = "<group>"; };
		B24F76E81E1F305A00CA8146 /* Info.plist */ = {isa = PBXFileReference; lastKnownFileType = text.plist.xml; path = Info.plist; sourceTree = "<group>"; };
		B24F76ED1E1F305A00CA8146 /* ConnectivityUITests.xctest */ = {isa = PBXFileReference; explicitFileType = wrapper.cfbundle; includeInIndex = 0; path = ConnectivityUITests.xctest; sourceTree = BUILT_PRODUCTS_DIR; };
		B24F76F11E1F305A00CA8146 /* ConnectivityUITests.m */ = {isa = PBXFileReference; lastKnownFileType = sourcecode.c.objc; path = ConnectivityUITests.m; sourceTree = "<group>"; };
		B24F76F31E1F305A00CA8146 /* Info.plist */ = {isa = PBXFileReference; lastKnownFileType = text.plist.xml; path = Info.plist; sourceTree = "<group>"; };
		B27A6CCE1E286B5400CD0475 /* ProgressIconBtn.h */ = {isa = PBXFileReference; fileEncoding = 4; lastKnownFileType = sourcecode.c.h; path = ProgressIconBtn.h; sourceTree = "<group>"; };
		B27A6CCF1E286B5400CD0475 /* ProgressIconBtn.m */ = {isa = PBXFileReference; fileEncoding = 4; lastKnownFileType = sourcecode.c.objc; path = ProgressIconBtn.m; sourceTree = "<group>"; };
/* End PBXFileReference section */

/* Begin PBXFrameworksBuildPhase section */
		B24F76CE1E1F305A00CA8146 /* Frameworks */ = {
			isa = PBXFrameworksBuildPhase;
			buildActionMask = 2147483647;
			files = (
			);
			runOnlyForDeploymentPostprocessing = 0;
		};
		B24F76EA1E1F305A00CA8146 /* Frameworks */ = {
			isa = PBXFrameworksBuildPhase;
			buildActionMask = 2147483647;
			files = (
			);
			runOnlyForDeploymentPostprocessing = 0;
		};
/* End PBXFrameworksBuildPhase section */

/* Begin PBXGroup section */
		B249CCE11E276BA40017633D /* Masonry */ = {
			isa = PBXGroup;
			children = (
				B249CCE21E276BA40017633D /* MASCompositeConstraint.h */,
				B249CCE31E276BA40017633D /* MASCompositeConstraint.m */,
				B249CCE41E276BA40017633D /* MASConstraint+Private.h */,
				B249CCE51E276BA40017633D /* MASConstraint.h */,
				B249CCE61E276BA40017633D /* MASConstraint.m */,
				B249CCE71E276BA40017633D /* MASConstraintMaker.h */,
				B249CCE81E276BA40017633D /* MASConstraintMaker.m */,
				B249CCE91E276BA40017633D /* MASLayoutConstraint.h */,
				B249CCEA1E276BA40017633D /* MASLayoutConstraint.m */,
				B249CCEB1E276BA40017633D /* Masonry.h */,
				B249CCEC1E276BA40017633D /* MASUtilities.h */,
				B249CCED1E276BA40017633D /* MASViewAttribute.h */,
				B249CCEE1E276BA40017633D /* MASViewAttribute.m */,
				B249CCEF1E276BA40017633D /* MASViewConstraint.h */,
				B249CCF01E276BA40017633D /* MASViewConstraint.m */,
				B249CCF11E276BA40017633D /* NSArray+MASAdditions.h */,
				B249CCF21E276BA40017633D /* NSArray+MASAdditions.m */,
				B249CCF31E276BA40017633D /* NSArray+MASShorthandAdditions.h */,
				B249CCF41E276BA40017633D /* NSLayoutConstraint+MASDebugAdditions.h */,
				B249CCF51E276BA40017633D /* NSLayoutConstraint+MASDebugAdditions.m */,
				B249CCF61E276BA40017633D /* View+MASAdditions.h */,
				B249CCF71E276BA40017633D /* View+MASAdditions.m */,
				B249CCF81E276BA40017633D /* View+MASShorthandAdditions.h */,
				B249CCF91E276BA40017633D /* ViewController+MASAdditions.h */,
				B249CCFA1E276BA40017633D /* ViewController+MASAdditions.m */,
			);
			path = Masonry;
			sourceTree = "<group>";
		};
		B24F76C81E1F305A00CA8146 = {
			isa = PBXGroup;
			children = (
				B24F76D31E1F305A00CA8146 /* Connectivity */,
				B24F76F01E1F305A00CA8146 /* ConnectivityUITests */,
				B24F76D21E1F305A00CA8146 /* Products */,
			);
			sourceTree = "<group>";
		};
		B24F76D21E1F305A00CA8146 /* Products */ = {
			isa = PBXGroup;
			children = (
				B24F76D11E1F305A00CA8146 /* Connectivity.app */,
				B24F76ED1E1F305A00CA8146 /* ConnectivityUITests.xctest */,
			);
			name = Products;
			sourceTree = "<group>";
		};
		B24F76D31E1F305A00CA8146 /* Connectivity */ = {
			isa = PBXGroup;
			children = (
				B249CCE11E276BA40017633D /* Masonry */,
				B24F76D71E1F305A00CA8146 /* AppDelegate.h */,
				B24F76D81E1F305A00CA8146 /* AppDelegate.m */,
				B24F76DA1E1F305A00CA8146 /* ViewController.h */,
				B24F76DB1E1F305A00CA8146 /* ViewController.m */,
				B203EBD81E236D9E00756E48 /* SendFileViewController.h */,
				B203EBD91E236D9E00756E48 /* SendFileViewController.m */,
				B20451E31E24C72B00EB3BD1 /* AnimationView.h */,
				B20451E41E24C72B00EB3BD1 /* AnimationView.m */,
				B27A6CCE1E286B5400CD0475 /* ProgressIconBtn.h */,
				B27A6CCF1E286B5400CD0475 /* ProgressIconBtn.m */,
				B203EBDB1E236DC700756E48 /* ReciveFileViewController.h */,
				B203EBDC1E236DC700756E48 /* ReciveFileViewController.m */,
				B24F76DD1E1F305A00CA8146 /* Main.storyboard */,
				B24F76E31E1F305A00CA8146 /* Assets.xcassets */,
				B24F76E51E1F305A00CA8146 /* LaunchScreen.storyboard */,
				B24F76E81E1F305A00CA8146 /* Info.plist */,
				B24F76E01E1F305A00CA8146 /* Connectivity.xcdatamodeld */,
				B24F76D41E1F305A00CA8146 /* Supporting Files */,
			);
			path = Connectivity;
			sourceTree = "<group>";
		};
		B24F76D41E1F305A00CA8146 /* Supporting Files */ = {
			isa = PBXGroup;
			children = (
				B24F76D51E1F305A00CA8146 /* main.m */,
			);
			name = "Supporting Files";
			sourceTree = "<group>";
		};
		B24F76F01E1F305A00CA8146 /* ConnectivityUITests */ = {
			isa = PBXGroup;
			children = (
				B24F76F11E1F305A00CA8146 /* ConnectivityUITests.m */,
				B24F76F31E1F305A00CA8146 /* Info.plist */,
			);
			path = ConnectivityUITests;
			sourceTree = "<group>";
		};
/* End PBXGroup section */

/* Begin PBXNativeTarget section */
		B24F76D01E1F305A00CA8146 /* Connectivity */ = {
			isa = PBXNativeTarget;
			buildConfigurationList = B24F76F61E1F305A00CA8146 /* Build configuration list for PBXNativeTarget "Connectivity" */;
			buildPhases = (
				B24F76CD1E1F305A00CA8146 /* Sources */,
				B24F76CE1E1F305A00CA8146 /* Frameworks */,
				B24F76CF1E1F305A00CA8146 /* Resources */,
			);
			buildRules = (
			);
			dependencies = (
			);
			name = Connectivity;
			productName = Connectivity;
			productReference = B24F76D11E1F305A00CA8146 /* Connectivity.app */;
			productType = "com.apple.product-type.application";
		};
		B24F76EC1E1F305A00CA8146 /* ConnectivityUITests */ = {
			isa = PBXNativeTarget;
			buildConfigurationList = B24F76F91E1F305A00CA8146 /* Build configuration list for PBXNativeTarget "ConnectivityUITests" */;
			buildPhases = (
				B24F76E91E1F305A00CA8146 /* Sources */,
				B24F76EA1E1F305A00CA8146 /* Frameworks */,
				B24F76EB1E1F305A00CA8146 /* Resources */,
			);
			buildRules = (
			);
			dependencies = (
				B24F76EF1E1F305A00CA8146 /* PBXTargetDependency */,
			);
			name = ConnectivityUITests;
			productName = ConnectivityUITests;
			productReference = B24F76ED1E1F305A00CA8146 /* ConnectivityUITests.xctest */;
			productType = "com.apple.product-type.bundle.ui-testing";
		};
/* End PBXNativeTarget section */

/* Begin PBXProject section */
		B24F76C91E1F305A00CA8146 /* Project object */ = {
			isa = PBXProject;
			attributes = {
				LastUpgradeCheck = 0820;
				ORGANIZATIONNAME = Rasping;
				TargetAttributes = {
					B24F76D01E1F305A00CA8146 = {
						CreatedOnToolsVersion = 8.2.1;
						DevelopmentTeam = XTX8T47464;
						ProvisioningStyle = Automatic;
					};
					B24F76EC1E1F305A00CA8146 = {
						CreatedOnToolsVersion = 8.2.1;
						DevelopmentTeam = HV78NKBU8W;
						ProvisioningStyle = Automatic;
						TestTargetID = B24F76D01E1F305A00CA8146;
					};
				};
			};
			buildConfigurationList = B24F76CC1E1F305A00CA8146 /* Build configuration list for PBXProject "Connectivity" */;
			compatibilityVersion = "Xcode 3.2";
			developmentRegion = English;
			hasScannedForEncodings = 0;
			knownRegions = (
				en,
				Base,
			);
			mainGroup = B24F76C81E1F305A00CA8146;
			productRefGroup = B24F76D21E1F305A00CA8146 /* Products */;
			projectDirPath = "";
			projectRoot = "";
			targets = (
				B24F76D01E1F305A00CA8146 /* Connectivity */,
				B24F76EC1E1F305A00CA8146 /* ConnectivityUITests */,
			);
		};
/* End PBXProject section */

/* Begin PBXResourcesBuildPhase section */
		B24F76CF1E1F305A00CA8146 /* Resources */ = {
			isa = PBXResourcesBuildPhase;
			buildActionMask = 2147483647;
			files = (
				B24F76E71E1F305A00CA8146 /* LaunchScreen.storyboard in Resources */,
				B24F76E41E1F305A00CA8146 /* Assets.xcassets in Resources */,
				B24F76DF1E1F305A00CA8146 /* Main.storyboard in Resources */,
			);
			runOnlyForDeploymentPostprocessing = 0;
		};
		B24F76EB1E1F305A00CA8146 /* Resources */ = {
			isa = PBXResourcesBuildPhase;
			buildActionMask = 2147483647;
			files = (
			);
			runOnlyForDeploymentPostprocessing = 0;
		};
/* End PBXResourcesBuildPhase section */

/* Begin PBXSourcesBuildPhase section */
		B24F76CD1E1F305A00CA8146 /* Sources */ = {
			isa = PBXSourcesBuildPhase;
			buildActionMask = 2147483647;
			files = (
				B249CD011E276BA40017633D /* NSArray+MASAdditions.m in Sources */,
				B249CD001E276BA40017633D /* MASViewConstraint.m in Sources */,
				B27A6CD01E286B5400CD0475 /* ProgressIconBtn.m in Sources */,
				B24F76E21E1F305A00CA8146 /* Connectivity.xcdatamodeld in Sources */,
				B249CCFD1E276BA40017633D /* MASConstraintMaker.m in Sources */,
				B249CD031E276BA40017633D /* View+MASAdditions.m in Sources */,
				B24F76DC1E1F305A00CA8146 /* ViewController.m in Sources */,
				B249CCFC1E276BA40017633D /* MASConstraint.m in Sources */,
				B203EBDD1E236DC700756E48 /* ReciveFileViewController.m in Sources */,
				B249CCFF1E276BA40017633D /* MASViewAttribute.m in Sources */,
				B249CD021E276BA40017633D /* NSLayoutConstraint+MASDebugAdditions.m in Sources */,
				B24F76D91E1F305A00CA8146 /* AppDelegate.m in Sources */,
				B249CCFB1E276BA40017633D /* MASCompositeConstraint.m in Sources */,
				B249CCFE1E276BA40017633D /* MASLayoutConstraint.m in Sources */,
				B24F76D61E1F305A00CA8146 /* main.m in Sources */,
				B20451E51E24C72B00EB3BD1 /* AnimationView.m in Sources */,
				B249CD041E276BA40017633D /* ViewController+MASAdditions.m in Sources */,
				B203EBDA1E236D9E00756E48 /* SendFileViewController.m in Sources */,
			);
			runOnlyForDeploymentPostprocessing = 0;
		};
		B24F76E91E1F305A00CA8146 /* Sources */ = {
			isa = PBXSourcesBuildPhase;
			buildActionMask = 2147483647;
			files = (
				B24F76F21E1F305A00CA8146 /* ConnectivityUITests.m in Sources */,
			);
			runOnlyForDeploymentPostprocessing = 0;
		};
/* End PBXSourcesBuildPhase section */

/* Begin PBXTargetDependency section */
		B24F76EF1E1F305A00CA8146 /* PBXTargetDependency */ = {
			isa = PBXTargetDependency;
			target = B24F76D01E1F305A00CA8146 /* Connectivity */;
			targetProxy = B24F76EE1E1F305A00CA8146 /* PBXContainerItemProxy */;
		};
/* End PBXTargetDependency section */

/* Begin PBXVariantGroup section */
		B24F76DD1E1F305A00CA8146 /* Main.storyboard */ = {
			isa = PBXVariantGroup;
			children = (
				B24F76DE1E1F305A00CA8146 /* Base */,
			);
			name = Main.storyboard;
			sourceTree = "<group>";
		};
		B24F76E51E1F305A00CA8146 /* LaunchScreen.storyboard */ = {
			isa = PBXVariantGroup;
			children = (
				B24F76E61E1F305A00CA8146 /* Base */,
			);
			name = LaunchScreen.storyboard;
			sourceTree = "<group>";
		};
/* End PBXVariantGroup section */

/* Begin XCBuildConfiguration section */
		B24F76F41E1F305A00CA8146 /* Debug */ = {
			isa = XCBuildConfiguration;
			buildSettings = {
				ALWAYS_SEARCH_USER_PATHS = NO;
				CLANG_ANALYZER_NONNULL = YES;
				CLANG_CXX_LANGUAGE_STANDARD = "gnu++0x";
				CLANG_CXX_LIBRARY = "libc++";
				CLANG_ENABLE_MODULES = YES;
				CLANG_ENABLE_OBJC_ARC = YES;
				CLANG_WARN_BOOL_CONVERSION = YES;
				CLANG_WARN_CONSTANT_CONVERSION = YES;
				CLANG_WARN_DIRECT_OBJC_ISA_USAGE = YES_ERROR;
				CLANG_WARN_DOCUMENTATION_COMMENTS = YES;
				CLANG_WARN_EMPTY_BODY = YES;
				CLANG_WARN_ENUM_CONVERSION = YES;
				CLANG_WARN_INFINITE_RECURSION = YES;
				CLANG_WARN_INT_CONVERSION = YES;
				CLANG_WARN_OBJC_ROOT_CLASS = YES_ERROR;
				CLANG_WARN_SUSPICIOUS_MOVE = YES;
				CLANG_WARN_UNREACHABLE_CODE = YES;
				CLANG_WARN__DUPLICATE_METHOD_MATCH = YES;
				"CODE_SIGN_IDENTITY[sdk=iphoneos*]" = "iPhone Developer";
				COPY_PHASE_STRIP = NO;
				DEBUG_INFORMATION_FORMAT = dwarf;
				ENABLE_STRICT_OBJC_MSGSEND = YES;
				ENABLE_TESTABILITY = YES;
				GCC_C_LANGUAGE_STANDARD = gnu99;
				GCC_DYNAMIC_NO_PIC = NO;
				GCC_NO_COMMON_BLOCKS = YES;
				GCC_OPTIMIZATION_LEVEL = 0;
				GCC_PREPROCESSOR_DEFINITIONS = (
					"DEBUG=1",
					"$(inherited)",
				);
				GCC_WARN_64_TO_32_BIT_CONVERSION = YES;
				GCC_WARN_ABOUT_RETURN_TYPE = YES_ERROR;
				GCC_WARN_UNDECLARED_SELECTOR = YES;
				GCC_WARN_UNINITIALIZED_AUTOS = YES_AGGRESSIVE;
				GCC_WARN_UNUSED_FUNCTION = YES;
				GCC_WARN_UNUSED_VARIABLE = YES;
				IPHONEOS_DEPLOYMENT_TARGET = 10.2;
				MTL_ENABLE_DEBUG_INFO = YES;
				ONLY_ACTIVE_ARCH = YES;
				SDKROOT = iphoneos;
			};
			name = Debug;
		};
		B24F76F51E1F305A00CA8146 /* Release */ = {
			isa = XCBuildConfiguration;
			buildSettings = {
				ALWAYS_SEARCH_USER_PATHS = NO;
				CLANG_ANALYZER_NONNULL = YES;
				CLANG_CXX_LANGUAGE_STANDARD = "gnu++0x";
				CLANG_CXX_LIBRARY = "libc++";
				CLANG_ENABLE_MODULES = YES;
				CLANG_ENABLE_OBJC_ARC = YES;
				CLANG_WARN_BOOL_CONVERSION = YES;
				CLANG_WARN_CONSTANT_CONVERSION = YES;
				CLANG_WARN_DIRECT_OBJC_ISA_USAGE = YES_ERROR;
				CLANG_WARN_DOCUMENTATION_COMMENTS = YES;
				CLANG_WARN_EMPTY_BODY = YES;
				CLANG_WARN_ENUM_CONVERSION = YES;
				CLANG_WARN_INFINITE_RECURSION = YES;
				CLANG_WARN_INT_CONVERSION = YES;
				CLANG_WARN_OBJC_ROOT_CLASS = YES_ERROR;
				CLANG_WARN_SUSPICIOUS_MOVE = YES;
				CLANG_WARN_UNREACHABLE_CODE = YES;
				CLANG_WARN__DUPLICATE_METHOD_MATCH = YES;
				"CODE_SIGN_IDENTITY[sdk=iphoneos*]" = "iPhone Developer";
				COPY_PHASE_STRIP = NO;
				DEBUG_INFORMATION_FORMAT = "dwarf-with-dsym";
				ENABLE_NS_ASSERTIONS = NO;
				ENABLE_STRICT_OBJC_MSGSEND = YES;
				GCC_C_LANGUAGE_STANDARD = gnu99;
				GCC_NO_COMMON_BLOCKS = YES;
				GCC_WARN_64_TO_32_BIT_CONVERSION = YES;
				GCC_WARN_ABOUT_RETURN_TYPE = YES_ERROR;
				GCC_WARN_UNDECLARED_SELECTOR = YES;
				GCC_WARN_UNINITIALIZED_AUTOS = YES_AGGRESSIVE;
				GCC_WARN_UNUSED_FUNCTION = YES;
				GCC_WARN_UNUSED_VARIABLE = YES;
				IPHONEOS_DEPLOYMENT_TARGET = 10.2;
				MTL_ENABLE_DEBUG_INFO = NO;
				SDKROOT = iphoneos;
				VALIDATE_PRODUCT = YES;
			};
			name = Release;
		};
		B24F76F71E1F305A00CA8146 /* Debug */ = {
			isa = XCBuildConfiguration;
			buildSettings = {
				ASSETCATALOG_COMPILER_APPICON_NAME = AppIcon;
				DEVELOPMENT_TEAM = XTX8T47464;
				INFOPLIST_FILE = Connectivity/Info.plist;
				IPHONEOS_DEPLOYMENT_TARGET = 8.0;
				LD_RUNPATH_SEARCH_PATHS = "$(inherited) @executable_path/Frameworks";
				PRODUCT_BUNDLE_IDENTIFIER = rasping.Pabei.Connectivity;
				PRODUCT_NAME = "$(TARGET_NAME)";
			};
			name = Debug;
		};
		B24F76F81E1F305A00CA8146 /* Release */ = {
			isa = XCBuildConfiguration;
			buildSettings = {
				ASSETCATALOG_COMPILER_APPICON_NAME = AppIcon;
				DEVELOPMENT_TEAM = XTX8T47464;
				INFOPLIST_FILE = Connectivity/Info.plist;
				IPHONEOS_DEPLOYMENT_TARGET = 8.0;
				LD_RUNPATH_SEARCH_PATHS = "$(inherited) @executable_path/Frameworks";
				PRODUCT_BUNDLE_IDENTIFIER = rasping.Pabei.Connectivity;
				PRODUCT_NAME = "$(TARGET_NAME)";
			};
			name = Release;
		};
		B24F76FA1E1F305A00CA8146 /* Debug */ = {
			isa = XCBuildConfiguration;
			buildSettings = {
				DEVELOPMENT_TEAM = HV78NKBU8W;
				INFOPLIST_FILE = ConnectivityUITests/Info.plist;
				LD_RUNPATH_SEARCH_PATHS = "$(inherited) @executable_path/Frameworks @loader_path/Frameworks";
				PRODUCT_BUNDLE_IDENTIFIER = Pabei.ConnectivityUITests;
				PRODUCT_NAME = "$(TARGET_NAME)";
				TEST_TARGET_NAME = Connectivity;
			};
			name = Debug;
		};
		B24F76FB1E1F305A00CA8146 /* Release */ = {
			isa = XCBuildConfiguration;
			buildSettings = {
				DEVELOPMENT_TEAM = HV78NKBU8W;
				INFOPLIST_FILE = ConnectivityUITests/Info.plist;
				LD_RUNPATH_SEARCH_PATHS = "$(inherited) @executable_path/Frameworks @loader_path/Frameworks";
				PRODUCT_BUNDLE_IDENTIFIER = Pabei.ConnectivityUITests;
				PRODUCT_NAME = "$(TARGET_NAME)";
				TEST_TARGET_NAME = Connectivity;
			};
			name = Release;
		};
/* End XCBuildConfiguration section */

/* Begin XCConfigurationList section */
		B24F76CC1E1F305A00CA8146 /* Build configuration list for PBXProject "Connectivity" */ = {
			isa = XCConfigurationList;
			buildConfigurations = (
				B24F76F41E1F305A00CA8146 /* Debug */,
				B24F76F51E1F305A00CA8146 /* Release */,
			);
			defaultConfigurationIsVisible = 0;
			defaultConfigurationName = Release;
		};
		B24F76F61E1F305A00CA8146 /* Build configuration list for PBXNativeTarget "Connectivity" */ = {
			isa = XCConfigurationList;
			buildConfigurations = (
				B24F76F71E1F305A00CA8146 /* Debug */,
				B24F76F81E1F305A00CA8146 /* Release */,
			);
			defaultConfigurationIsVisible = 0;
			defaultConfigurationName = Release;
		};
		B24F76F91E1F305A00CA8146 /* Build configuration list for PBXNativeTarget "ConnectivityUITests" */ = {
			isa = XCConfigurationList;
			buildConfigurations = (
				B24F76FA1E1F305A00CA8146 /* Debug */,
				B24F76FB1E1F305A00CA8146 /* Release */,
			);
			defaultConfigurationIsVisible = 0;
			defaultConfigurationName = Release;
		};
/* End XCConfigurationList section */

/* Begin XCVersionGroup section */
		B24F76E01E1F305A00CA8146 /* Connectivity.xcdatamodeld */ = {
			isa = XCVersionGroup;
			children = (
				B24F76E11E1F305A00CA8146 /* Connectivity.xcdatamodel */,
			);
			currentVersion = B24F76E11E1F305A00CA8146 /* Connectivity.xcdatamodel */;
			path = Connectivity.xcdatamodeld;
			sourceTree = "<group>";
			versionGroupType = wrapper.xcdatamodel;
		};
/* End XCVersionGroup section */
	};
	rootObject = B24F76C91E1F305A00CA8146 /* Project object */;
}
